
Microsoft Visual Studio Solution File, Format Version 12.00
# Visual Studio 15
VisualStudioVersion = 15.0.28307.757
MinimumVisualStudioVersion = 10.0.40219.1
Project("{FAE04EC0-301F-11D3-BF4B-00C04F79EFBC}") = "BaseOne", "BaseOne\BaseOne.csproj", "{8CF9B611-E8F1-4D40-B8EB-C1C556CBF0D6}"
EndProject
Project("{FAE04EC0-301F-11D3-BF4B-00C04F79EFBC}") = "BaseService", "BaseService\BaseService.csproj", "{8C68681C-7CAE-41B6-8060-D40DA48FA93D}"
EndProject
Project("{FAE04EC0-301F-11D3-BF4B-00C04F79EFBC}") = "Dto", "Dto\Dto.csproj", "{907F87F8-BFE9-45C3-9A40-DDAF49B5F5CF}"
EndProject
Global
	GlobalSection(SolutionConfigurationPlatforms) = preSolution
		Debug|Any CPU = Debug|Any CPU
		Release|Any CPU = Release|Any CPU
	EndGlobalSection
	GlobalSection(ProjectConfigurationPlatforms) = postSolution
		{8CF9B611-E8F1-4D40-B8EB-C1C556CBF0D6}.Debug|Any CPU.ActiveCfg = Debug|Any CPU
		{8CF9B611-E8F1-4D40-B8EB-C1C556CBF0D6}.Debug|Any CPU.Build.0 = Debug|Any CPU
		{8CF9B611-E8F1-4D40-B8EB-C1C556CBF0D6}.Release|Any CPU.ActiveCfg = Release|Any CPU
		{8CF9B611-E8F1-4D40-B8EB-C1C556CBF0D6}.Release|Any CPU.Build.0 = Release|Any CPU
		{8C68681C-7CAE-41B6-8060-D40DA48FA93D}.Debug|Any CPU.ActiveCfg = Debug|Any CPU
		{8C68681C-7CAE-41B6-8060-D40DA48FA93D}.Debug|Any CPU.Build.0 = Debug|Any CPU
		{8C68681C-7CAE-41B6-8060-D40DA48FA93D}.Release|Any CPU.ActiveCfg = Release|Any CPU
		{8C68681C-7CAE-41B6-8060-D40DA48FA93D}.Release|Any CPU.Build.0 = Release|Any CPU
		{907F87F8-BFE9-45C3-9A40-DDAF49B5F5CF}.Debug|Any CPU.ActiveCfg = Debug|Any CPU
		{907F87F8-BFE9-45C3-9A40-DDAF49B5F5CF}.Debug|Any CPU.Build.0 = Debug|Any CPU
		{907F87F8-BFE9-45C3-9A40-DDAF49B5F5CF}.Release|Any CPU.ActiveCfg = Release|Any CPU
		{907F87F8-BFE9-45C3-9A40-DDAF49B5F5CF}.Release|Any CPU.Build.0 = Release|Any CPU
	EndGlobalSection
	GlobalSection(SolutionProperties) = preSolution
		HideSolutionNode = FALSE
	EndGlobalSection
	GlobalSection(ExtensibilityGlobals) = postSolution
		SolutionGuid = {55D5B0F9-F71A-484C-99DC-E1C98F6673B0}
	EndGlobalSection
EndGlobal
